
Microsoft Visual Studio Solution File, Format Version 12.00
# Visual Studio Version 17
VisualStudioVersion = 17.12.35506.116
MinimumVisualStudioVersion = 10.0.40219.1
Project("{FAE04EC0-301F-11D3-BF4B-00C04F79EFBC}") = "SentimentalAnalysis", "SentimentalAnalysis\SentimentalAnalysis.csproj", "{8B1A4218-7CFC-4E0E-BCC3-6EBAF26BA4A0}"
EndProject
Project("{FAE04EC0-301F-11D3-BF4B-00C04F79EFBC}") = "CreateModel", "CreateModel\CreateModel.csproj", "{C3A850E2-B640-41B6-95FA-0ADFD27C9D6E}"
EndProject
Project("{FAE04EC0-301F-11D3-BF4B-00C04F79EFBC}") = "WinFormSA", "WinFormSA\WinFormSA.csproj", "{A94CFF1B-3D31-4494-B532-9D42B87A1BBF}"
EndProject
Global
	GlobalSection(SolutionConfigurationPlatforms) = preSolution
		Debug|Any CPU = Debug|Any CPU
		Release|Any CPU = Release|Any CPU
	EndGlobalSection
	GlobalSection(ProjectConfigurationPlatforms) = postSolution
		{8B1A4218-7CFC-4E0E-BCC3-6EBAF26BA4A0}.Debug|Any CPU.ActiveCfg = Debug|x64
		{8B1A4218-7CFC-4E0E-BCC3-6EBAF26BA4A0}.Debug|Any CPU.Build.0 = Debug|x64
		{8B1A4218-7CFC-4E0E-BCC3-6EBAF26BA4A0}.Release|Any CPU.ActiveCfg = Release|x64
		{8B1A4218-7CFC-4E0E-BCC3-6EBAF26BA4A0}.Release|Any CPU.Build.0 = Release|x64
		{C3A850E2-B640-41B6-95FA-0ADFD27C9D6E}.Debug|Any CPU.ActiveCfg = Debug|Any CPU
		{C3A850E2-B640-41B6-95FA-0ADFD27C9D6E}.Debug|Any CPU.Build.0 = Debug|Any CPU
		{C3A850E2-B640-41B6-95FA-0ADFD27C9D6E}.Release|Any CPU.ActiveCfg = Release|Any CPU
		{C3A850E2-B640-41B6-95FA-0ADFD27C9D6E}.Release|Any CPU.Build.0 = Release|Any CPU
		{A94CFF1B-3D31-4494-B532-9D42B87A1BBF}.Debug|Any CPU.ActiveCfg = Debug|x64
		{A94CFF1B-3D31-4494-B532-9D42B87A1BBF}.Debug|Any CPU.Build.0 = Debug|x64
		{A94CFF1B-3D31-4494-B532-9D42B87A1BBF}.Release|Any CPU.ActiveCfg = Release|x64
		{A94CFF1B-3D31-4494-B532-9D42B87A1BBF}.Release|Any CPU.Build.0 = Release|x64
	EndGlobalSection
	GlobalSection(SolutionProperties) = preSolution
		HideSolutionNode = FALSE
	EndGlobalSection
EndGlobal
